
Microsoft Visual Studio Solution File, Format Version 12.00
# Visual Studio 15
VisualStudioVersion = 15.0.26730.16
MinimumVisualStudioVersion = 10.0.40219.1
Project("{FAE04EC0-301F-11D3-BF4B-00C04F79EFBC}") = "MyUcoApi", "MyUcoApi\MyUcoApi.csproj", "{8BF3037A-E317-4CF3-AB13-33C417F06967}"
EndProject
Global
	GlobalSection(SolutionConfigurationPlatforms) = preSolution
		Debug|Any CPU = Debug|Any CPU
		Release|Any CPU = Release|Any CPU
	EndGlobalSection
	GlobalSection(ProjectConfigurationPlatforms) = postSolution
		{8BF3037A-E317-4CF3-AB13-33C417F06967}.Debug|Any CPU.ActiveCfg = Debug|Any CPU
		{8BF3037A-E317-4CF3-AB13-33C417F06967}.Debug|Any CPU.Build.0 = Debug|Any CPU
		{8BF3037A-E317-4CF3-AB13-33C417F06967}.Release|Any CPU.ActiveCfg = Release|Any CPU
		{8BF3037A-E317-4CF3-AB13-33C417F06967}.Release|Any CPU.Build.0 = Release|Any CPU
	EndGlobalSection
	GlobalSection(SolutionProperties) = preSolution
		HideSolutionNode = FALSE
	EndGlobalSection
	GlobalSection(ExtensibilityGlobals) = postSolution
		SolutionGuid = {7F7EC430-C70E-468C-AE71-0B2E3FB8D822}
	EndGlobalSection
EndGlobal
